{
  "name": "@ronomon/mime",
  "version": "3.2.0",
  "lockfileVersion": 1,
  "requires": true,
  "dependencies": {
    "@ronomon/base64": {
      "version": "2.3.0",
      "resolved": "https://registry.npmjs.org/@ronomon/base64/-/base64-2.3.0.tgz",
      "integrity": "sha512-FK8GjQ2oSJIiRh5xioF+cCtgov+negV0fKN20AhCtMP6MkU6/yyy1UJ25Q2Mf8sEJ15qrnfVW7XGsQNr25u8TQ==",
      "requires": {
        "@ronomon/queue": "^3.0.0",
        "nan": "^2.10.0"
      }
    },
    "@ronomon/queue": {
      "version": "3.0.0",
      "resolved": "https://registry.npmjs.org/@ronomon/queue/-/queue-3.0.0.tgz",
      "integrity": "sha512-+Dnc8cNXa0mI1cD+YdA3mmQP8j1CjQKXfILiXgZGWAtauMIUxuhRgnOLgabKjEj+Wa8r2rQKsaNaDayxauImGQ=="
    },
    "@ronomon/quoted-printable": {
      "version": "3.2.0",
      "resolved": "https://registry.npmjs.org/@ronomon/quoted-printable/-/quoted-printable-3.2.0.tgz",
      "integrity": "sha512-GFAN4U9p3GiEuaEZhssJchKxc9GjDaPweSdrSaAu5mSunkFn39fBBTVsWGw/hBbyGKQmf8Lrb/CXPaKpUyXWtg==",
      "requires": {
        "@ronomon/queue": "^3.0.0",
        "nan": "^2.10.0"
      }
    },
    "iconv": {
      "version": "2.3.0",
      "resolved": "https://registry.npmjs.org/iconv/-/iconv-2.3.0.tgz",
      "integrity": "sha512-eu9senpOZ7wzNweLX09jtrCdmEiie8Z5/iMxdIq3i7tkgg562EwKSU9yjXMz8ncaQ0B+845vbqAz+1kPFXzbtQ==",
      "requires": {
        "nan": "^2.3.5"
      }
    },
    "nan": {
      "version": "2.10.0",
      "resolved": "https://registry.npmjs.org/nan/-/nan-2.10.0.tgz",
      "integrity": "sha512-bAdJv7fBLhWC+/Bls0Oza+mvTaNQtP+1RyhhhvD95pgUJz6XM5IzgmxOkItJ9tkoCiplvAnXI1tNmmUD/eScyA=="
    }
  }
}
