{
  "name": "@ronomon/mime",
  "version": "2.8.0",
  "lockfileVersion": 1,
  "requires": true,
  "dependencies": {
    "@ronomon/base64": {
      "version": "2.2.0",
      "resolved": "https://registry.npmjs.org/@ronomon/base64/-/base64-2.2.0.tgz",
      "integrity": "sha512-vjFe7HRg4YeljSlIwoZ73ztYMCLJLsLOeDghbdlB5bUCbEcw7oh6eji2AP4f4/TRiWmy65Y02+12O5VeWY7+QA==",
      "requires": {
        "@ronomon/queue": "3.0.0",
        "nan": "2.8.0"
      },
      "dependencies": {
        "nan": {
          "version": "2.8.0",
          "resolved": "https://registry.npmjs.org/nan/-/nan-2.8.0.tgz",
          "integrity": "sha1-7XFfP+neArV6XmJS2QqWZ14fCFo="
        }
      }
    },
    "@ronomon/queue": {
      "version": "3.0.0",
      "resolved": "https://registry.npmjs.org/@ronomon/queue/-/queue-3.0.0.tgz",
      "integrity": "sha512-+Dnc8cNXa0mI1cD+YdA3mmQP8j1CjQKXfILiXgZGWAtauMIUxuhRgnOLgabKjEj+Wa8r2rQKsaNaDayxauImGQ=="
    },
    "@ronomon/quoted-printable": {
      "version": "3.1.0",
      "resolved": "https://registry.npmjs.org/@ronomon/quoted-printable/-/quoted-printable-3.1.0.tgz",
      "integrity": "sha512-w0AtRXeqNoSQdf7wgBRnDqb6enHTbBGG2jx5DuQQGPvPHQqZ4wuTQncoQyqrx0eZOgCEQ/Wa/h+3VOpuZHf6Kg==",
      "requires": {
        "@ronomon/queue": "3.0.0",
        "nan": "2.8.0"
      },
      "dependencies": {
        "nan": {
          "version": "2.8.0",
          "resolved": "https://registry.npmjs.org/nan/-/nan-2.8.0.tgz",
          "integrity": "sha1-7XFfP+neArV6XmJS2QqWZ14fCFo="
        }
      }
    },
    "iconv": {
      "version": "2.3.0",
      "resolved": "https://registry.npmjs.org/iconv/-/iconv-2.3.0.tgz",
      "integrity": "sha512-eu9senpOZ7wzNweLX09jtrCdmEiie8Z5/iMxdIq3i7tkgg562EwKSU9yjXMz8ncaQ0B+845vbqAz+1kPFXzbtQ==",
      "requires": {
        "nan": "2.6.2"
      }
    },
    "nan": {
      "version": "2.6.2",
      "resolved": "https://registry.npmjs.org/nan/-/nan-2.6.2.tgz",
      "integrity": "sha1-5P805slf37WuzAjeZZb0NgWn20U="
    }
  }
}
